
Microsoft Visual Studio Solution File, Format Version 12.00
# Visual Studio Version 17
VisualStudioVersion = 17.6.34031.178
MinimumVisualStudioVersion = 10.0.40219.1
Project("{FAE04EC0-301F-11D3-BF4B-00C04F79EFBC}") = "simple-strategy-pattern-wth-DI", "simple-strategy-pattern-wth-DI.csproj", "{CEC74A67-D8DB-4EAB-B31B-D2D74D4FCC27}"
EndProject
Global
	GlobalSection(SolutionConfigurationPlatforms) = preSolution
		Debug|Any CPU = Debug|Any CPU
		Release|Any CPU = Release|Any CPU
	EndGlobalSection
	GlobalSection(ProjectConfigurationPlatforms) = postSolution
		{CEC74A67-D8DB-4EAB-B31B-D2D74D4FCC27}.Debug|Any CPU.ActiveCfg = Debug|Any CPU
		{CEC74A67-D8DB-4EAB-B31B-D2D74D4FCC27}.Debug|Any CPU.Build.0 = Debug|Any CPU
		{CEC74A67-D8DB-4EAB-B31B-D2D74D4FCC27}.Release|Any CPU.ActiveCfg = Release|Any CPU
		{CEC74A67-D8DB-4EAB-B31B-D2D74D4FCC27}.Release|Any CPU.Build.0 = Release|Any CPU
	EndGlobalSection
	GlobalSection(SolutionProperties) = preSolution
		HideSolutionNode = FALSE
	EndGlobalSection
	GlobalSection(ExtensibilityGlobals) = postSolution
		SolutionGuid = {DF174F47-9416-4C8F-9F7B-5965A2BCA3E3}
	EndGlobalSection
EndGlobal
